
Microsoft Visual Studio Solution File, Format Version 12.00
# Visual Studio Version 16
VisualStudioVersion = 16.0.33927.289
MinimumVisualStudioVersion = 10.0.40219.1
Project("{FAE04EC0-301F-11D3-BF4B-00C04F79EFBC}") = "LinqNumbersConsole", "LinqNumbersConsole\LinqNumbersConsole.csproj", "{C9D9FCB0-061B-4D36-8870-DB9DA1E72D97}"
EndProject
Global
	GlobalSection(SolutionConfigurationPlatforms) = preSolution
		Debug|Any CPU = Debug|Any CPU
		Release|Any CPU = Release|Any CPU
	EndGlobalSection
	GlobalSection(ProjectConfigurationPlatforms) = postSolution
		{C9D9FCB0-061B-4D36-8870-DB9DA1E72D97}.Debug|Any CPU.ActiveCfg = Debug|Any CPU
		{C9D9FCB0-061B-4D36-8870-DB9DA1E72D97}.Debug|Any CPU.Build.0 = Debug|Any CPU
		{C9D9FCB0-061B-4D36-8870-DB9DA1E72D97}.Release|Any CPU.ActiveCfg = Release|Any CPU
		{C9D9FCB0-061B-4D36-8870-DB9DA1E72D97}.Release|Any CPU.Build.0 = Release|Any CPU
	EndGlobalSection
	GlobalSection(SolutionProperties) = preSolution
		HideSolutionNode = FALSE
	EndGlobalSection
	GlobalSection(ExtensibilityGlobals) = postSolution
		SolutionGuid = {CBE15878-CF5C-4B24-A537-1B3D55DB4904}
	EndGlobalSection
EndGlobal
